
Microsoft Visual Studio Solution File, Format Version 12.00
# Visual Studio Version 17
VisualStudioVersion = 17.6.33815.320
MinimumVisualStudioVersion = 10.0.40219.1
Project("{FAE04EC0-301F-11D3-BF4B-00C04F79EFBC}") = "WebimConnector", "WebimConnector\WebimConnector.csproj", "{D22A0212-D040-4BDB-9303-481266AEFFAD}"
EndProject
Global
	GlobalSection(SolutionConfigurationPlatforms) = preSolution
		Debug|Any CPU = Debug|Any CPU
		Release|Any CPU = Release|Any CPU
	EndGlobalSection
	GlobalSection(ProjectConfigurationPlatforms) = postSolution
		{D22A0212-D040-4BDB-9303-481266AEFFAD}.Debug|Any CPU.ActiveCfg = Debug|Any CPU
		{D22A0212-D040-4BDB-9303-481266AEFFAD}.Debug|Any CPU.Build.0 = Debug|Any CPU
		{D22A0212-D040-4BDB-9303-481266AEFFAD}.Release|Any CPU.ActiveCfg = Release|Any CPU
		{D22A0212-D040-4BDB-9303-481266AEFFAD}.Release|Any CPU.Build.0 = Release|Any CPU
	EndGlobalSection
	GlobalSection(SolutionProperties) = preSolution
		HideSolutionNode = FALSE
	EndGlobalSection
	GlobalSection(ExtensibilityGlobals) = postSolution
		SolutionGuid = {A29AA53F-71EE-43CD-A0BA-D0B7D4EA8D6B}
	EndGlobalSection
EndGlobal
